
Microsoft Visual Studio Solution File, Format Version 12.00
# Visual Studio Version 16
VisualStudioVersion = 16.0.30907.101
MinimumVisualStudioVersion = 10.0.40219.1
Project("{9A19103F-16F7-4668-BE54-9A1E7A4F7556}") = "ConsoleApp.Aula4", "ConsoleApp.Aula4\ConsoleApp.Aula4.csproj", "{9A9F9525-7F4B-49D9-8C6E-DBC18AB8A01A}"
EndProject
Project("{FAE04EC0-301F-11D3-BF4B-00C04F79EFBC}") = "ConsoleApp.Aula4.AsyncExemplo", "ConsoleApp.Aula4.AsyncExemplo\ConsoleApp.Aula4.AsyncExemplo.csproj", "{B721F24E-855D-45B7-A878-DA99545D9A06}"
EndProject
Global
	GlobalSection(SolutionConfigurationPlatforms) = preSolution
		Debug|Any CPU = Debug|Any CPU
		Release|Any CPU = Release|Any CPU
	EndGlobalSection
	GlobalSection(ProjectConfigurationPlatforms) = postSolution
		{9A9F9525-7F4B-49D9-8C6E-DBC18AB8A01A}.Debug|Any CPU.ActiveCfg = Debug|Any CPU
		{9A9F9525-7F4B-49D9-8C6E-DBC18AB8A01A}.Debug|Any CPU.Build.0 = Debug|Any CPU
		{9A9F9525-7F4B-49D9-8C6E-DBC18AB8A01A}.Release|Any CPU.ActiveCfg = Release|Any CPU
		{9A9F9525-7F4B-49D9-8C6E-DBC18AB8A01A}.Release|Any CPU.Build.0 = Release|Any CPU
		{B721F24E-855D-45B7-A878-DA99545D9A06}.Debug|Any CPU.ActiveCfg = Debug|Any CPU
		{B721F24E-855D-45B7-A878-DA99545D9A06}.Debug|Any CPU.Build.0 = Debug|Any CPU
		{B721F24E-855D-45B7-A878-DA99545D9A06}.Release|Any CPU.ActiveCfg = Release|Any CPU
		{B721F24E-855D-45B7-A878-DA99545D9A06}.Release|Any CPU.Build.0 = Release|Any CPU
	EndGlobalSection
	GlobalSection(SolutionProperties) = preSolution
		HideSolutionNode = FALSE
	EndGlobalSection
	GlobalSection(ExtensibilityGlobals) = postSolution
		SolutionGuid = {092F98FA-E6A9-4BB7-B2CD-ABCF8865938C}
	EndGlobalSection
EndGlobal
